
Microsoft Visual Studio Solution File, Format Version 12.00
# Visual Studio 15
VisualStudioVersion = 15.0.28307.902
MinimumVisualStudioVersion = 10.0.40219.1
Project("{FAE04EC0-301F-11D3-BF4B-00C04F79EFBC}") = "Libra", "Libra\Libra.csproj", "{9C0F8923-4D11-450A-AF5E-603BACB08365}"
EndProject
Project("{FAE04EC0-301F-11D3-BF4B-00C04F79EFBC}") = "Client", "Client\Client.csproj", "{CC734115-151F-4AB9-8E7E-2F76F55BC1BA}"
EndProject
Project("{FAE04EC0-301F-11D3-BF4B-00C04F79EFBC}") = "Model", "Model\Model.csproj", "{ED139175-D2CC-4228-86C5-641737938CA6}"
EndProject
Project("{FAE04EC0-301F-11D3-BF4B-00C04F79EFBC}") = "Ui.Common", "Ui.Common\Ui.Common.csproj", "{D24CFA11-823E-4525-847F-59153FEF4D50}"
EndProject
Global
	GlobalSection(SolutionConfigurationPlatforms) = preSolution
		Debug|Any CPU = Debug|Any CPU
		Release|Any CPU = Release|Any CPU
	EndGlobalSection
	GlobalSection(ProjectConfigurationPlatforms) = postSolution
		{9C0F8923-4D11-450A-AF5E-603BACB08365}.Debug|Any CPU.ActiveCfg = Debug|Any CPU
		{9C0F8923-4D11-450A-AF5E-603BACB08365}.Debug|Any CPU.Build.0 = Debug|Any CPU
		{9C0F8923-4D11-450A-AF5E-603BACB08365}.Release|Any CPU.ActiveCfg = Release|Any CPU
		{9C0F8923-4D11-450A-AF5E-603BACB08365}.Release|Any CPU.Build.0 = Release|Any CPU
		{CC734115-151F-4AB9-8E7E-2F76F55BC1BA}.Debug|Any CPU.ActiveCfg = Debug|Any CPU
		{CC734115-151F-4AB9-8E7E-2F76F55BC1BA}.Debug|Any CPU.Build.0 = Debug|Any CPU
		{CC734115-151F-4AB9-8E7E-2F76F55BC1BA}.Release|Any CPU.ActiveCfg = Release|Any CPU
		{CC734115-151F-4AB9-8E7E-2F76F55BC1BA}.Release|Any CPU.Build.0 = Release|Any CPU
		{ED139175-D2CC-4228-86C5-641737938CA6}.Debug|Any CPU.ActiveCfg = Debug|Any CPU
		{ED139175-D2CC-4228-86C5-641737938CA6}.Debug|Any CPU.Build.0 = Debug|Any CPU
		{ED139175-D2CC-4228-86C5-641737938CA6}.Release|Any CPU.ActiveCfg = Release|Any CPU
		{ED139175-D2CC-4228-86C5-641737938CA6}.Release|Any CPU.Build.0 = Release|Any CPU
		{D24CFA11-823E-4525-847F-59153FEF4D50}.Debug|Any CPU.ActiveCfg = Debug|Any CPU
		{D24CFA11-823E-4525-847F-59153FEF4D50}.Debug|Any CPU.Build.0 = Debug|Any CPU
		{D24CFA11-823E-4525-847F-59153FEF4D50}.Release|Any CPU.ActiveCfg = Release|Any CPU
		{D24CFA11-823E-4525-847F-59153FEF4D50}.Release|Any CPU.Build.0 = Release|Any CPU
	EndGlobalSection
	GlobalSection(SolutionProperties) = preSolution
		HideSolutionNode = FALSE
	EndGlobalSection
	GlobalSection(ExtensibilityGlobals) = postSolution
		SolutionGuid = {C13BB2A7-4B59-4555-9DD4-B03E098B1C0E}
	EndGlobalSection
EndGlobal
