
Microsoft Visual Studio Solution File, Format Version 12.00
# Visual Studio Version 16
VisualStudioVersion = 16.0.29728.190
MinimumVisualStudioVersion = 10.0.40219.1
Project("{FAE04EC0-301F-11D3-BF4B-00C04F79EFBC}") = "Libra", "Libra\Libra.csproj", "{9C0F8923-4D11-450A-AF5E-603BACB08365}"
EndProject
Project("{FAE04EC0-301F-11D3-BF4B-00C04F79EFBC}") = "Client", "Client\Client.csproj", "{CC734115-151F-4AB9-8E7E-2F76F55BC1BA}"
EndProject
Project("{FAE04EC0-301F-11D3-BF4B-00C04F79EFBC}") = "Model", "Model\Model.csproj", "{ED139175-D2CC-4228-86C5-641737938CA6}"
EndProject
Project("{FAE04EC0-301F-11D3-BF4B-00C04F79EFBC}") = "Ui.Common", "Ui.Common\Ui.Common.csproj", "{D24CFA11-823E-4525-847F-59153FEF4D50}"
EndProject
Project("{2150E333-8FDC-42A3-9474-1A3956D46DE8}") = "Clients", "Clients", "{95844115-8DF8-436C-86FD-12A02A66C1B3}"
EndProject
Project("{2150E333-8FDC-42A3-9474-1A3956D46DE8}") = "UI", "UI", "{DAB0F4F3-394D-4696-9F9E-C02B33BC51E1}"
EndProject
Project("{2150E333-8FDC-42A3-9474-1A3956D46DE8}") = "BLL", "BLL", "{8F655B14-2AAB-4DF5-AC0C-9947C90A2BD9}"
EndProject
Project("{2150E333-8FDC-42A3-9474-1A3956D46DE8}") = "DAL", "DAL", "{84787B11-4C33-477B-967A-6FBFF513C48A}"
EndProject
Project("{FAE04EC0-301F-11D3-BF4B-00C04F79EFBC}") = "Data.Entity", "Data.Entity\Data.Entity.csproj", "{EE873BC1-6D7C-48CF-A67B-F69D57F8BC18}"
EndProject
Global
	GlobalSection(SolutionConfigurationPlatforms) = preSolution
		Debug|Any CPU = Debug|Any CPU
		Release|Any CPU = Release|Any CPU
	EndGlobalSection
	GlobalSection(ProjectConfigurationPlatforms) = postSolution
		{9C0F8923-4D11-450A-AF5E-603BACB08365}.Debug|Any CPU.ActiveCfg = Debug|Any CPU
		{9C0F8923-4D11-450A-AF5E-603BACB08365}.Debug|Any CPU.Build.0 = Debug|Any CPU
		{9C0F8923-4D11-450A-AF5E-603BACB08365}.Release|Any CPU.ActiveCfg = Release|Any CPU
		{9C0F8923-4D11-450A-AF5E-603BACB08365}.Release|Any CPU.Build.0 = Release|Any CPU
		{CC734115-151F-4AB9-8E7E-2F76F55BC1BA}.Debug|Any CPU.ActiveCfg = Debug|Any CPU
		{CC734115-151F-4AB9-8E7E-2F76F55BC1BA}.Debug|Any CPU.Build.0 = Debug|Any CPU
		{CC734115-151F-4AB9-8E7E-2F76F55BC1BA}.Release|Any CPU.ActiveCfg = Release|Any CPU
		{CC734115-151F-4AB9-8E7E-2F76F55BC1BA}.Release|Any CPU.Build.0 = Release|Any CPU
		{ED139175-D2CC-4228-86C5-641737938CA6}.Debug|Any CPU.ActiveCfg = Debug|Any CPU
		{ED139175-D2CC-4228-86C5-641737938CA6}.Debug|Any CPU.Build.0 = Debug|Any CPU
		{ED139175-D2CC-4228-86C5-641737938CA6}.Release|Any CPU.ActiveCfg = Release|Any CPU
		{ED139175-D2CC-4228-86C5-641737938CA6}.Release|Any CPU.Build.0 = Release|Any CPU
		{D24CFA11-823E-4525-847F-59153FEF4D50}.Debug|Any CPU.ActiveCfg = Debug|Any CPU
		{D24CFA11-823E-4525-847F-59153FEF4D50}.Debug|Any CPU.Build.0 = Debug|Any CPU
		{D24CFA11-823E-4525-847F-59153FEF4D50}.Release|Any CPU.ActiveCfg = Release|Any CPU
		{D24CFA11-823E-4525-847F-59153FEF4D50}.Release|Any CPU.Build.0 = Release|Any CPU
		{EE873BC1-6D7C-48CF-A67B-F69D57F8BC18}.Debug|Any CPU.ActiveCfg = Debug|Any CPU
		{EE873BC1-6D7C-48CF-A67B-F69D57F8BC18}.Debug|Any CPU.Build.0 = Debug|Any CPU
		{EE873BC1-6D7C-48CF-A67B-F69D57F8BC18}.Release|Any CPU.ActiveCfg = Release|Any CPU
		{EE873BC1-6D7C-48CF-A67B-F69D57F8BC18}.Release|Any CPU.Build.0 = Release|Any CPU
	EndGlobalSection
	GlobalSection(SolutionProperties) = preSolution
		HideSolutionNode = FALSE
	EndGlobalSection
	GlobalSection(NestedProjects) = preSolution
		{9C0F8923-4D11-450A-AF5E-603BACB08365} = {95844115-8DF8-436C-86FD-12A02A66C1B3}
		{CC734115-151F-4AB9-8E7E-2F76F55BC1BA} = {95844115-8DF8-436C-86FD-12A02A66C1B3}
		{ED139175-D2CC-4228-86C5-641737938CA6} = {8F655B14-2AAB-4DF5-AC0C-9947C90A2BD9}
		{D24CFA11-823E-4525-847F-59153FEF4D50} = {DAB0F4F3-394D-4696-9F9E-C02B33BC51E1}
		{EE873BC1-6D7C-48CF-A67B-F69D57F8BC18} = {84787B11-4C33-477B-967A-6FBFF513C48A}
	EndGlobalSection
	GlobalSection(ExtensibilityGlobals) = postSolution
		SolutionGuid = {C13BB2A7-4B59-4555-9DD4-B03E098B1C0E}
	EndGlobalSection
EndGlobal
